
Microsoft Visual Studio Solution File, Format Version 12.00
# Visual Studio Version 17
VisualStudioVersion = 17.3.32929.385
MinimumVisualStudioVersion = 10.0.40219.1
Project("{FAE04EC0-301F-11D3-BF4B-00C04F79EFBC}") = "Projeto5", "Projeto5\Projeto5.csproj", "{8582533B-E941-4E5E-BE60-261713B9C1BA}"
EndProject
Global
	GlobalSection(SolutionConfigurationPlatforms) = preSolution
		Debug|Any CPU = Debug|Any CPU
		Release|Any CPU = Release|Any CPU
	EndGlobalSection
	GlobalSection(ProjectConfigurationPlatforms) = postSolution
		{8582533B-E941-4E5E-BE60-261713B9C1BA}.Debug|Any CPU.ActiveCfg = Debug|Any CPU
		{8582533B-E941-4E5E-BE60-261713B9C1BA}.Debug|Any CPU.Build.0 = Debug|Any CPU
		{8582533B-E941-4E5E-BE60-261713B9C1BA}.Release|Any CPU.ActiveCfg = Release|Any CPU
		{8582533B-E941-4E5E-BE60-261713B9C1BA}.Release|Any CPU.Build.0 = Release|Any CPU
	EndGlobalSection
	GlobalSection(SolutionProperties) = preSolution
		HideSolutionNode = FALSE
	EndGlobalSection
	GlobalSection(ExtensibilityGlobals) = postSolution
		SolutionGuid = {0B5F52E5-489A-49BE-BBF6-AA59EE3A43AA}
	EndGlobalSection
EndGlobal
